
Microsoft Visual Studio Solution File, Format Version 12.00
# Visual Studio Version 16
VisualStudioVersion = 16.0.31624.102
MinimumVisualStudioVersion = 10.0.40219.1
Project("{FAE04EC0-301F-11D3-BF4B-00C04F79EFBC}") = "practice-form", "practice-form\practice-form.csproj", "{BFB91C86-3DD3-43DE-A10B-32AE4345B744}"
EndProject
Global
	GlobalSection(SolutionConfigurationPlatforms) = preSolution
		Debug|Any CPU = Debug|Any CPU
		Release|Any CPU = Release|Any CPU
	EndGlobalSection
	GlobalSection(ProjectConfigurationPlatforms) = postSolution
		{BFB91C86-3DD3-43DE-A10B-32AE4345B744}.Debug|Any CPU.ActiveCfg = Debug|Any CPU
		{BFB91C86-3DD3-43DE-A10B-32AE4345B744}.Debug|Any CPU.Build.0 = Debug|Any CPU
		{BFB91C86-3DD3-43DE-A10B-32AE4345B744}.Release|Any CPU.ActiveCfg = Release|Any CPU
		{BFB91C86-3DD3-43DE-A10B-32AE4345B744}.Release|Any CPU.Build.0 = Release|Any CPU
	EndGlobalSection
	GlobalSection(SolutionProperties) = preSolution
		HideSolutionNode = FALSE
	EndGlobalSection
	GlobalSection(ExtensibilityGlobals) = postSolution
		SolutionGuid = {01C949BA-78F0-4798-89D6-497817D23EFD}
	EndGlobalSection
EndGlobal
